
Microsoft Visual Studio Solution File, Format Version 12.00
# Visual Studio Version 17
VisualStudioVersion = 17.9.34902.65
MinimumVisualStudioVersion = 10.0.40219.1
Project("{2150E333-8FDC-42A3-9474-1A3956D46DE8}") = "Solution Items", "Solution Items", "{11D88F4E-457D-4FD4-9715-9C2368F01224}"
	ProjectSection(SolutionItems) = preProject
		.dockerignore = .dockerignore
		.editorconfig = .editorconfig
		.gitattributes = .gitattributes
		.gitignore = .gitignore
		README.md = README.md
	EndProjectSection
EndProject
Project("{2150E333-8FDC-42A3-9474-1A3956D46DE8}") = "Tests", "Tests", "{5304D6B9-72F7-4B7D-A49A-A1B456E65ADB}"
EndProject
Project("{9A19103F-16F7-4668-BE54-9A1E7A4F7556}") = "Logitar.Cms.Contracts", "src\Logitar.Cms.Contracts\Logitar.Cms.Contracts.csproj", "{4BFC8906-6917-4BE1-8AD8-3E63103EDE8B}"
EndProject
Project("{9A19103F-16F7-4668-BE54-9A1E7A4F7556}") = "Logitar.Cms.Core", "src\Logitar.Cms.Core\Logitar.Cms.Core.csproj", "{BBD42882-9D21-4609-9A5C-50288F77C576}"
EndProject
Project("{9A19103F-16F7-4668-BE54-9A1E7A4F7556}") = "Logitar.Cms.Infrastructure", "src\Logitar.Cms.Infrastructure\Logitar.Cms.Infrastructure.csproj", "{87B0FB80-9E05-4AD0-B0FF-EB54D3A34252}"
EndProject
Project("{9A19103F-16F7-4668-BE54-9A1E7A4F7556}") = "Logitar.Cms.EntityFrameworkCore", "src\Logitar.Cms.EntityFrameworkCore\Logitar.Cms.EntityFrameworkCore.csproj", "{291E1086-3ECE-46B2-A7AE-B86A1BE77BD8}"
EndProject
Project("{9A19103F-16F7-4668-BE54-9A1E7A4F7556}") = "Logitar.Cms.EntityFrameworkCore.SqlServer", "src\Logitar.Cms.EntityFrameworkCore.SqlServer\Logitar.Cms.EntityFrameworkCore.SqlServer.csproj", "{2D5102CB-824A-4F68-8F07-93AA1DF1568A}"
EndProject
Project("{9A19103F-16F7-4668-BE54-9A1E7A4F7556}") = "Logitar.Cms.EntityFrameworkCore.PostgreSQL", "src\Logitar.Cms.EntityFrameworkCore.PostgreSQL\Logitar.Cms.EntityFrameworkCore.PostgreSQL.csproj", "{87D92D34-493B-4E37-AF89-A25765D59860}"
EndProject
Project("{9A19103F-16F7-4668-BE54-9A1E7A4F7556}") = "Logitar.Cms.MongoDB", "src\Logitar.Cms.MongoDB\Logitar.Cms.MongoDB.csproj", "{F950F1CE-E299-4D1E-AF7B-038A23811396}"
EndProject
Project("{9A19103F-16F7-4668-BE54-9A1E7A4F7556}") = "Logitar.Cms.Web", "src\Logitar.Cms.Web\Logitar.Cms.Web.csproj", "{5E43F751-AD8B-434F-A088-DB111C8DB645}"
EndProject
Project("{9A19103F-16F7-4668-BE54-9A1E7A4F7556}") = "Logitar.Cms", "src\Logitar.Cms\Logitar.Cms.csproj", "{D32C6EE8-2FE8-4C52-8472-1B956FE03AB6}"
EndProject
Project("{9A19103F-16F7-4668-BE54-9A1E7A4F7556}") = "Logitar.Cms.Tests", "tests\Logitar.Cms.Tests\Logitar.Cms.Tests.csproj", "{9EC8B247-45D4-4B9C-9CBE-E715F5718DFD}"
EndProject
Project("{9A19103F-16F7-4668-BE54-9A1E7A4F7556}") = "Logitar.Cms.Core.UnitTests", "tests\Logitar.Cms.Core.UnitTests\Logitar.Cms.Core.UnitTests.csproj", "{BA768964-1372-429F-B002-22941F185360}"
EndProject
Project("{9A19103F-16F7-4668-BE54-9A1E7A4F7556}") = "Logitar.Cms.Core.IntegrationTests", "tests\Logitar.Cms.Core.IntegrationTests\Logitar.Cms.Core.IntegrationTests.csproj", "{34F89BE7-00A1-413A-812B-ADF35BB936E2}"
EndProject
Global
	GlobalSection(SolutionConfigurationPlatforms) = preSolution
		Debug|Any CPU = Debug|Any CPU
		Release|Any CPU = Release|Any CPU
	EndGlobalSection
	GlobalSection(ProjectConfigurationPlatforms) = postSolution
		{4BFC8906-6917-4BE1-8AD8-3E63103EDE8B}.Debug|Any CPU.ActiveCfg = Debug|Any CPU
		{4BFC8906-6917-4BE1-8AD8-3E63103EDE8B}.Debug|Any CPU.Build.0 = Debug|Any CPU
		{4BFC8906-6917-4BE1-8AD8-3E63103EDE8B}.Release|Any CPU.ActiveCfg = Release|Any CPU
		{4BFC8906-6917-4BE1-8AD8-3E63103EDE8B}.Release|Any CPU.Build.0 = Release|Any CPU
		{BBD42882-9D21-4609-9A5C-50288F77C576}.Debug|Any CPU.ActiveCfg = Debug|Any CPU
		{BBD42882-9D21-4609-9A5C-50288F77C576}.Debug|Any CPU.Build.0 = Debug|Any CPU
		{BBD42882-9D21-4609-9A5C-50288F77C576}.Release|Any CPU.ActiveCfg = Release|Any CPU
		{BBD42882-9D21-4609-9A5C-50288F77C576}.Release|Any CPU.Build.0 = Release|Any CPU
		{87B0FB80-9E05-4AD0-B0FF-EB54D3A34252}.Debug|Any CPU.ActiveCfg = Debug|Any CPU
		{87B0FB80-9E05-4AD0-B0FF-EB54D3A34252}.Debug|Any CPU.Build.0 = Debug|Any CPU
		{87B0FB80-9E05-4AD0-B0FF-EB54D3A34252}.Release|Any CPU.ActiveCfg = Release|Any CPU
		{87B0FB80-9E05-4AD0-B0FF-EB54D3A34252}.Release|Any CPU.Build.0 = Release|Any CPU
		{291E1086-3ECE-46B2-A7AE-B86A1BE77BD8}.Debug|Any CPU.ActiveCfg = Debug|Any CPU
		{291E1086-3ECE-46B2-A7AE-B86A1BE77BD8}.Debug|Any CPU.Build.0 = Debug|Any CPU
		{291E1086-3ECE-46B2-A7AE-B86A1BE77BD8}.Release|Any CPU.ActiveCfg = Release|Any CPU
		{291E1086-3ECE-46B2-A7AE-B86A1BE77BD8}.Release|Any CPU.Build.0 = Release|Any CPU
		{2D5102CB-824A-4F68-8F07-93AA1DF1568A}.Debug|Any CPU.ActiveCfg = Debug|Any CPU
		{2D5102CB-824A-4F68-8F07-93AA1DF1568A}.Debug|Any CPU.Build.0 = Debug|Any CPU
		{2D5102CB-824A-4F68-8F07-93AA1DF1568A}.Release|Any CPU.ActiveCfg = Release|Any CPU
		{2D5102CB-824A-4F68-8F07-93AA1DF1568A}.Release|Any CPU.Build.0 = Release|Any CPU
		{87D92D34-493B-4E37-AF89-A25765D59860}.Debug|Any CPU.ActiveCfg = Debug|Any CPU
		{87D92D34-493B-4E37-AF89-A25765D59860}.Debug|Any CPU.Build.0 = Debug|Any CPU
		{87D92D34-493B-4E37-AF89-A25765D59860}.Release|Any CPU.ActiveCfg = Release|Any CPU
		{87D92D34-493B-4E37-AF89-A25765D59860}.Release|Any CPU.Build.0 = Release|Any CPU
		{F950F1CE-E299-4D1E-AF7B-038A23811396}.Debug|Any CPU.ActiveCfg = Debug|Any CPU
		{F950F1CE-E299-4D1E-AF7B-038A23811396}.Debug|Any CPU.Build.0 = Debug|Any CPU
		{F950F1CE-E299-4D1E-AF7B-038A23811396}.Release|Any CPU.ActiveCfg = Release|Any CPU
		{F950F1CE-E299-4D1E-AF7B-038A23811396}.Release|Any CPU.Build.0 = Release|Any CPU
		{5E43F751-AD8B-434F-A088-DB111C8DB645}.Debug|Any CPU.ActiveCfg = Debug|Any CPU
		{5E43F751-AD8B-434F-A088-DB111C8DB645}.Debug|Any CPU.Build.0 = Debug|Any CPU
		{5E43F751-AD8B-434F-A088-DB111C8DB645}.Release|Any CPU.ActiveCfg = Release|Any CPU
		{5E43F751-AD8B-434F-A088-DB111C8DB645}.Release|Any CPU.Build.0 = Release|Any CPU
		{D32C6EE8-2FE8-4C52-8472-1B956FE03AB6}.Debug|Any CPU.ActiveCfg = Debug|Any CPU
		{D32C6EE8-2FE8-4C52-8472-1B956FE03AB6}.Debug|Any CPU.Build.0 = Debug|Any CPU
		{D32C6EE8-2FE8-4C52-8472-1B956FE03AB6}.Release|Any CPU.ActiveCfg = Release|Any CPU
		{D32C6EE8-2FE8-4C52-8472-1B956FE03AB6}.Release|Any CPU.Build.0 = Release|Any CPU
		{9EC8B247-45D4-4B9C-9CBE-E715F5718DFD}.Debug|Any CPU.ActiveCfg = Debug|Any CPU
		{9EC8B247-45D4-4B9C-9CBE-E715F5718DFD}.Debug|Any CPU.Build.0 = Debug|Any CPU
		{9EC8B247-45D4-4B9C-9CBE-E715F5718DFD}.Release|Any CPU.ActiveCfg = Release|Any CPU
		{9EC8B247-45D4-4B9C-9CBE-E715F5718DFD}.Release|Any CPU.Build.0 = Release|Any CPU
		{BA768964-1372-429F-B002-22941F185360}.Debug|Any CPU.ActiveCfg = Debug|Any CPU
		{BA768964-1372-429F-B002-22941F185360}.Debug|Any CPU.Build.0 = Debug|Any CPU
		{BA768964-1372-429F-B002-22941F185360}.Release|Any CPU.ActiveCfg = Release|Any CPU
		{BA768964-1372-429F-B002-22941F185360}.Release|Any CPU.Build.0 = Release|Any CPU
		{34F89BE7-00A1-413A-812B-ADF35BB936E2}.Debug|Any CPU.ActiveCfg = Debug|Any CPU
		{34F89BE7-00A1-413A-812B-ADF35BB936E2}.Debug|Any CPU.Build.0 = Debug|Any CPU
		{34F89BE7-00A1-413A-812B-ADF35BB936E2}.Release|Any CPU.ActiveCfg = Release|Any CPU
		{34F89BE7-00A1-413A-812B-ADF35BB936E2}.Release|Any CPU.Build.0 = Release|Any CPU
	EndGlobalSection
	GlobalSection(SolutionProperties) = preSolution
		HideSolutionNode = FALSE
	EndGlobalSection
	GlobalSection(NestedProjects) = preSolution
		{9EC8B247-45D4-4B9C-9CBE-E715F5718DFD} = {5304D6B9-72F7-4B7D-A49A-A1B456E65ADB}
		{BA768964-1372-429F-B002-22941F185360} = {5304D6B9-72F7-4B7D-A49A-A1B456E65ADB}
		{34F89BE7-00A1-413A-812B-ADF35BB936E2} = {5304D6B9-72F7-4B7D-A49A-A1B456E65ADB}
	EndGlobalSection
	GlobalSection(ExtensibilityGlobals) = postSolution
		SolutionGuid = {DA500B33-B3CA-431A-80D8-55CD95479A70}
	EndGlobalSection
EndGlobal
