
Microsoft Visual Studio Solution File, Format Version 12.00
# Visual Studio Version 17
VisualStudioVersion = 17.9.34902.65
MinimumVisualStudioVersion = 10.0.40219.1
Project("{2150E333-8FDC-42A3-9474-1A3956D46DE8}") = "Solution Items", "Solution Items", "{11D88F4E-457D-4FD4-9715-9C2368F01224}"
	ProjectSection(SolutionItems) = preProject
		.dockerignore = .dockerignore
		.editorconfig = .editorconfig
		.gitattributes = .gitattributes
		.gitignore = .gitignore
		README.md = README.md
	EndProjectSection
EndProject
Project("{FAE04EC0-301F-11D3-BF4B-00C04F79EFBC}") = "Logitar.Cms.Core", "src\Logitar.Cms.Core\Logitar.Cms.Core.csproj", "{382907CD-18AF-45DE-A1AB-263353F0A9C8}"
EndProject
Project("{FAE04EC0-301F-11D3-BF4B-00C04F79EFBC}") = "Logitar.Cms.Web", "src\Logitar.Cms.Web\Logitar.Cms.Web.csproj", "{134EAA3D-D3A5-45F0-982B-D58BF1434B0F}"
EndProject
Project("{2150E333-8FDC-42A3-9474-1A3956D46DE8}") = "Tests", "Tests", "{49A3AE69-C12F-465C-8C4E-CCE766C2414E}"
EndProject
Project("{FAE04EC0-301F-11D3-BF4B-00C04F79EFBC}") = "Logitar.Cms.Tests", "tests\Logitar.Cms.Tests\Logitar.Cms.Tests.csproj", "{9DA7EF5E-CD0F-4FB3-9DBC-62655E371A62}"
EndProject
Global
	GlobalSection(SolutionConfigurationPlatforms) = preSolution
		Debug|Any CPU = Debug|Any CPU
		Release|Any CPU = Release|Any CPU
	EndGlobalSection
	GlobalSection(ProjectConfigurationPlatforms) = postSolution
		{382907CD-18AF-45DE-A1AB-263353F0A9C8}.Debug|Any CPU.ActiveCfg = Debug|Any CPU
		{382907CD-18AF-45DE-A1AB-263353F0A9C8}.Debug|Any CPU.Build.0 = Debug|Any CPU
		{382907CD-18AF-45DE-A1AB-263353F0A9C8}.Release|Any CPU.ActiveCfg = Release|Any CPU
		{382907CD-18AF-45DE-A1AB-263353F0A9C8}.Release|Any CPU.Build.0 = Release|Any CPU
		{134EAA3D-D3A5-45F0-982B-D58BF1434B0F}.Debug|Any CPU.ActiveCfg = Debug|Any CPU
		{134EAA3D-D3A5-45F0-982B-D58BF1434B0F}.Debug|Any CPU.Build.0 = Debug|Any CPU
		{134EAA3D-D3A5-45F0-982B-D58BF1434B0F}.Release|Any CPU.ActiveCfg = Release|Any CPU
		{134EAA3D-D3A5-45F0-982B-D58BF1434B0F}.Release|Any CPU.Build.0 = Release|Any CPU
		{9DA7EF5E-CD0F-4FB3-9DBC-62655E371A62}.Debug|Any CPU.ActiveCfg = Debug|Any CPU
		{9DA7EF5E-CD0F-4FB3-9DBC-62655E371A62}.Debug|Any CPU.Build.0 = Debug|Any CPU
		{9DA7EF5E-CD0F-4FB3-9DBC-62655E371A62}.Release|Any CPU.ActiveCfg = Release|Any CPU
		{9DA7EF5E-CD0F-4FB3-9DBC-62655E371A62}.Release|Any CPU.Build.0 = Release|Any CPU
	EndGlobalSection
	GlobalSection(SolutionProperties) = preSolution
		HideSolutionNode = FALSE
	EndGlobalSection
	GlobalSection(NestedProjects) = preSolution
		{9DA7EF5E-CD0F-4FB3-9DBC-62655E371A62} = {49A3AE69-C12F-465C-8C4E-CCE766C2414E}
	EndGlobalSection
	GlobalSection(ExtensibilityGlobals) = postSolution
		SolutionGuid = {DA500B33-B3CA-431A-80D8-55CD95479A70}
	EndGlobalSection
EndGlobal
